# This file is generated by running "yarn install" inside your project.
# Manual changes might be lost - proceed with caution!

__metadata:
  version: 8
  cacheKey: 10c0

"@neetly/renovate-config@workspace:.":
  version: 0.0.0-use.local
  resolution: "@neetly/renovate-config@workspace:."
  dependencies:
    "@neetly/yarn-constraints": "npm:1.0.0-alpha.16"
    prettier: "npm:3.3.3"
  languageName: unknown
  linkType: soft

"@neetly/yarn-constraints@npm:1.0.0-alpha.16":
  version: 1.0.0-alpha.16
  resolution: "@neetly/yarn-constraints@npm:1.0.0-alpha.16"
  dependencies:
    "@yarnpkg/types": "npm:4.0.0"
  peerDependencies:
    "@yarnpkg/types": "*"
  checksum: 10c0/adfd8651b38f89c8f8a18eafd0f72234f2c4fdee45da3f579130a29c9d57be40b2f21196df836da592fae85212bb64bbf90dee9e8e103c4beb40e32babfaaae1
  languageName: node
  linkType: hard

"@yarnpkg/types@npm:4.0.0":
  version: 4.0.0
  resolution: "@yarnpkg/types@npm:4.0.0"
  dependencies:
    tslib: "npm:^2.4.0"
  checksum: 10c0/41f67a4aa5c414c1e228f51453451fa15e0dd70c5cf2b1ae1ca142a3f018f25e4a37e60372cd0f5970c755e1804a2e31e208bff427add1cf13f899b0b9adc1e0
  languageName: node
  linkType: hard

"prettier@npm:3.3.3":
  version: 3.3.3
  resolution: "prettier@npm:3.3.3"
  bin:
    prettier: bin/prettier.cjs
  checksum: 10c0/b85828b08e7505716324e4245549b9205c0cacb25342a030ba8885aba2039a115dbcf75a0b7ca3b37bc9d101ee61fab8113fc69ca3359f2a226f1ecc07ad2e26
  languageName: node
  linkType: hard

"tslib@npm:^2.4.0":
  version: 2.6.3
  resolution: "tslib@npm:2.6.3"
  checksum: 10c0/2598aef53d9dbe711af75522464b2104724d6467b26a60f2bdac8297d2b5f1f6b86a71f61717384aa8fd897240467aaa7bcc36a0700a0faf751293d1331db39a
  languageName: node
  linkType: hard
